// !$*UTF8*$!
{
	archiveVersion = 1;
	classes = {
	};
	objectVersion = 46;
	objects = {

/* Begin PBXBuildFile section */
		6373A3221DE1C3D60018A049 /* main.m in Sources */ = {isa = PBXBuildFile; fileRef = 6373A3211DE1C3D60018A049 /* main.m */; };
		6373A3251DE1C3D60018A049 /* AppDelegate.m in Sources */ = {isa = PBXBuildFile; fileRef = 6373A3241DE1C3D60018A049 /* AppDelegate.m */; };
		6373A32B1DE1C3D60018A049 /* Main.storyboard in Resources */ = {isa = PBXBuildFile; fileRef = 6373A3291DE1C3D60018A049 /* Main.storyboard */; };
		6373A32E1DE1C3D60018A049 /* Assignment3.xcdatamodeld in Sources */ = {isa = PBXBuildFile; fileRef = 6373A32C1DE1C3D60018A049 /* Assignment3.xcdatamodeld */; };
		6373A3301DE1C3D60018A049 /* Assets.xcassets in Resources */ = {isa = PBXBuildFile; fileRef = 6373A32F1DE1C3D60018A049 /* Assets.xcassets */; };
		6373A3331DE1C3D60018A049 /* LaunchScreen.storyboard in Resources */ = {isa = PBXBuildFile; fileRef = 6373A3311DE1C3D60018A049 /* LaunchScreen.storyboard */; };
		6373A3401DE1CD4F0018A049 /* Utilities.m in Sources */ = {isa = PBXBuildFile; fileRef = 6373A33F1DE1CD4F0018A049 /* Utilities.m */; };
		6373A3431DE1D23E0018A049 /* CourseTableViewController.m in Sources */ = {isa = PBXBuildFile; fileRef = 6373A3421DE1D23E0018A049 /* CourseTableViewController.m */; };
		6373A3471DE1D2620018A049 /* StudentTableViewController.m in Sources */ = {isa = PBXBuildFile; fileRef = 6373A3461DE1D2620018A049 /* StudentTableViewController.m */; };
		63AA85FB1DE1DD3A00E4F89E /* CourseDetailViewController.m in Sources */ = {isa = PBXBuildFile; fileRef = 63AA85FA1DE1DD3A00E4F89E /* CourseDetailViewController.m */; };
		63AA85FE1DE390DC00E4F89E /* StudentDetailViewController.m in Sources */ = {isa = PBXBuildFile; fileRef = 63AA85FD1DE390DC00E4F89E /* StudentDetailViewController.m */; };
		63AA86011DE51F7B00E4F89E /* ScoreViewController.m in Sources */ = {isa = PBXBuildFile; fileRef = 63AA86001DE51F7B00E4F89E /* ScoreViewController.m */; };
/* End PBXBuildFile section */

/* Begin PBXFileReference section */
		6373A31D1DE1C3D60018A049 /* Assignment3.app */ = {isa = PBXFileReference; explicitFileType = wrapper.application; includeInIndex = 0; path = Assignment3.app; sourceTree = BUILT_PRODUCTS_DIR; };
		6373A3211DE1C3D60018A049 /* main.m */ = {isa = PBXFileReference; lastKnownFileType = sourcecode.c.objc; path = main.m; sourceTree = "<group>"; };
		6373A3231DE1C3D60018A049 /* AppDelegate.h */ = {isa = PBXFileReference; lastKnownFileType = sourcecode.c.h; path = AppDelegate.h; sourceTree = "<group>"; };
		6373A3241DE1C3D60018A049 /* AppDelegate.m */ = {isa = PBXFileReference; lastKnownFileType = sourcecode.c.objc; path = AppDelegate.m; sourceTree = "<group>"; };
		6373A32A1DE1C3D60018A049 /* Base */ = {isa = PBXFileReference; lastKnownFileType = file.storyboard; name = Base; path = Base.lproj/Main.storyboard; sourceTree = "<group>"; };
		6373A32D1DE1C3D60018A049 /* Assignment3.xcdatamodel */ = {isa = PBXFileReference; lastKnownFileType = wrapper.xcdatamodel; path = Assignment3.xcdatamodel; sourceTree = "<group>"; };
		6373A32F1DE1C3D60018A049 /* Assets.xcassets */ = {isa = PBXFileReference; lastKnownFileType = folder.assetcatalog; path = Assets.xcassets; sourceTree = "<group>"; };
		6373A3321DE1C3D60018A049 /* Base */ = {isa = PBXFileReference; lastKnownFileType = file.storyboard; name = Base; path = Base.lproj/LaunchScreen.storyboard; sourceTree = "<group>"; };
		6373A3341DE1C3D60018A049 /* Info.plist */ = {isa = PBXFileReference; lastKnownFileType = text.plist.xml; path = Info.plist; sourceTree = "<group>"; };
		6373A33E1DE1CD4F0018A049 /* Utilities.h */ = {isa = PBXFileReference; fileEncoding = 4; lastKnownFileType = sourcecode.c.h; path = Utilities.h; sourceTree = "<group>"; };
		6373A33F1DE1CD4F0018A049 /* Utilities.m */ = {isa = PBXFileReference; fileEncoding = 4; lastKnownFileType = sourcecode.c.objc; path = Utilities.m; sourceTree = "<group>"; };
		6373A3411DE1D23E0018A049 /* CourseTableViewController.h */ = {isa = PBXFileReference; fileEncoding = 4; lastKnownFileType = sourcecode.c.h; path = CourseTableViewController.h; sourceTree = "<group>"; };
		6373A3421DE1D23E0018A049 /* CourseTableViewController.m */ = {isa = PBXFileReference; fileEncoding = 4; lastKnownFileType = sourcecode.c.objc; path = CourseTableViewController.m; sourceTree = "<group>"; };
		6373A3451DE1D2620018A049 /* StudentTableViewController.h */ = {isa = PBXFileReference; fileEncoding = 4; lastKnownFileType = sourcecode.c.h; path = StudentTableViewController.h; sourceTree = "<group>"; };
		6373A3461DE1D2620018A049 /* StudentTableViewController.m */ = {isa = PBXFileReference; fileEncoding = 4; lastKnownFileType = sourcecode.c.objc; path = StudentTableViewController.m; sourceTree = "<group>"; };
		63AA85F91DE1DD3A00E4F89E /* CourseDetailViewController.h */ = {isa = PBXFileReference; fileEncoding = 4; lastKnownFileType = sourcecode.c.h; path = CourseDetailViewController.h; sourceTree = "<group>"; };
		63AA85FA1DE1DD3A00E4F89E /* CourseDetailViewController.m */ = {isa = PBXFileReference; fileEncoding = 4; lastKnownFileType = sourcecode.c.objc; path = CourseDetailViewController.m; sourceTree = "<group>"; };
		63AA85FC1DE390DC00E4F89E /* StudentDetailViewController.h */ = {isa = PBXFileReference; fileEncoding = 4; lastKnownFileType = sourcecode.c.h; path = StudentDetailViewController.h; sourceTree = "<group>"; };
		63AA85FD1DE390DC00E4F89E /* StudentDetailViewController.m */ = {isa = PBXFileReference; fileEncoding = 4; lastKnownFileType = sourcecode.c.objc; path = StudentDetailViewController.m; sourceTree = "<group>"; };
		63AA85FF1DE51F7B00E4F89E /* ScoreViewController.h */ = {isa = PBXFileReference; fileEncoding = 4; lastKnownFileType = sourcecode.c.h; path = ScoreViewController.h; sourceTree = "<group>"; };
		63AA86001DE51F7B00E4F89E /* ScoreViewController.m */ = {isa = PBXFileReference; fileEncoding = 4; lastKnownFileType = sourcecode.c.objc; path = ScoreViewController.m; sourceTree = "<group>"; };
/* End PBXFileReference section */

/* Begin PBXFrameworksBuildPhase section */
		6373A31A1DE1C3D50018A049 /* Frameworks */ = {
			isa = PBXFrameworksBuildPhase;
			buildActionMask = 2147483647;
			files = (
			);
			runOnlyForDeploymentPostprocessing = 0;
		};
/* End PBXFrameworksBuildPhase section */

/* Begin PBXGroup section */
		6373A3141DE1C3D50018A049 = {
			isa = PBXGroup;
			children = (
				6373A31F1DE1C3D60018A049 /* Assignment3 */,
				6373A31E1DE1C3D60018A049 /* Products */,
			);
			sourceTree = "<group>";
		};
		6373A31E1DE1C3D60018A049 /* Products */ = {
			isa = PBXGroup;
			children = (
				6373A31D1DE1C3D60018A049 /* Assignment3.app */,
			);
			name = Products;
			sourceTree = "<group>";
		};
		6373A31F1DE1C3D60018A049 /* Assignment3 */ = {
			isa = PBXGroup;
			children = (
				6373A3441DE1D24C0018A049 /* Controllers */,
				6373A33D1DE1CCCA0018A049 /* Utilities */,
				6373A3231DE1C3D60018A049 /* AppDelegate.h */,
				6373A3241DE1C3D60018A049 /* AppDelegate.m */,
				6373A3291DE1C3D60018A049 /* Main.storyboard */,
				6373A32F1DE1C3D60018A049 /* Assets.xcassets */,
				6373A3311DE1C3D60018A049 /* LaunchScreen.storyboard */,
				6373A3341DE1C3D60018A049 /* Info.plist */,
				6373A32C1DE1C3D60018A049 /* Assignment3.xcdatamodeld */,
				6373A3201DE1C3D60018A049 /* Supporting Files */,
			);
			path = Assignment3;
			sourceTree = "<group>";
		};
		6373A3201DE1C3D60018A049 /* Supporting Files */ = {
			isa = PBXGroup;
			children = (
				6373A3211DE1C3D60018A049 /* main.m */,
			);
			name = "Supporting Files";
			sourceTree = "<group>";
		};
		6373A33D1DE1CCCA0018A049 /* Utilities */ = {
			isa = PBXGroup;
			children = (
				6373A33E1DE1CD4F0018A049 /* Utilities.h */,
				6373A33F1DE1CD4F0018A049 /* Utilities.m */,
			);
			name = Utilities;
			sourceTree = "<group>";
		};
		6373A3441DE1D24C0018A049 /* Controllers */ = {
			isa = PBXGroup;
			children = (
				6373A3411DE1D23E0018A049 /* CourseTableViewController.h */,
				6373A3421DE1D23E0018A049 /* CourseTableViewController.m */,
				6373A3451DE1D2620018A049 /* StudentTableViewController.h */,
				6373A3461DE1D2620018A049 /* StudentTableViewController.m */,
				63AA85F91DE1DD3A00E4F89E /* CourseDetailViewController.h */,
				63AA85FA1DE1DD3A00E4F89E /* CourseDetailViewController.m */,
				63AA85FC1DE390DC00E4F89E /* StudentDetailViewController.h */,
				63AA85FD1DE390DC00E4F89E /* StudentDetailViewController.m */,
				63AA85FF1DE51F7B00E4F89E /* ScoreViewController.h */,
				63AA86001DE51F7B00E4F89E /* ScoreViewController.m */,
			);
			name = Controllers;
			sourceTree = "<group>";
		};
/* End PBXGroup section */

/* Begin PBXNativeTarget section */
		6373A31C1DE1C3D50018A049 /* Assignment3 */ = {
			isa = PBXNativeTarget;
			buildConfigurationList = 6373A3371DE1C3D60018A049 /* Build configuration list for PBXNativeTarget "Assignment3" */;
			buildPhases = (
				6373A3191DE1C3D50018A049 /* Sources */,
				6373A31A1DE1C3D50018A049 /* Frameworks */,
				6373A31B1DE1C3D50018A049 /* Resources */,
			);
			buildRules = (
			);
			dependencies = (
			);
			name = Assignment3;
			productName = Assignment3;
			productReference = 6373A31D1DE1C3D60018A049 /* Assignment3.app */;
			productType = "com.apple.product-type.application";
		};
/* End PBXNativeTarget section */

/* Begin PBXProject section */
		6373A3151DE1C3D50018A049 /* Project object */ = {
			isa = PBXProject;
			attributes = {
				LastUpgradeCheck = 0730;
				ORGANIZATIONNAME = "David Dang";
				TargetAttributes = {
					6373A31C1DE1C3D50018A049 = {
						CreatedOnToolsVersion = 7.3.1;
						DevelopmentTeam = Q33B87J62M;
					};
				};
			};
			buildConfigurationList = 6373A3181DE1C3D50018A049 /* Build configuration list for PBXProject "Assignment3" */;
			compatibilityVersion = "Xcode 3.2";
			developmentRegion = English;
			hasScannedForEncodings = 0;
			knownRegions = (
				en,
				Base,
			);
			mainGroup = 6373A3141DE1C3D50018A049;
			productRefGroup = 6373A31E1DE1C3D60018A049 /* Products */;
			projectDirPath = "";
			projectRoot = "";
			targets = (
				6373A31C1DE1C3D50018A049 /* Assignment3 */,
			);
		};
/* End PBXProject section */

/* Begin PBXResourcesBuildPhase section */
		6373A31B1DE1C3D50018A049 /* Resources */ = {
			isa = PBXResourcesBuildPhase;
			buildActionMask = 2147483647;
			files = (
				6373A3331DE1C3D60018A049 /* LaunchScreen.storyboard in Resources */,
				6373A3301DE1C3D60018A049 /* Assets.xcassets in Resources */,
				6373A32B1DE1C3D60018A049 /* Main.storyboard in Resources */,
			);
			runOnlyForDeploymentPostprocessing = 0;
		};
/* End PBXResourcesBuildPhase section */

/* Begin PBXSourcesBuildPhase section */
		6373A3191DE1C3D50018A049 /* Sources */ = {
			isa = PBXSourcesBuildPhase;
			buildActionMask = 2147483647;
			files = (
				6373A3431DE1D23E0018A049 /* CourseTableViewController.m in Sources */,
				63AA85FE1DE390DC00E4F89E /* StudentDetailViewController.m in Sources */,
				6373A3471DE1D2620018A049 /* StudentTableViewController.m in Sources */,
				63AA86011DE51F7B00E4F89E /* ScoreViewController.m in Sources */,
				6373A32E1DE1C3D60018A049 /* Assignment3.xcdatamodeld in Sources */,
				63AA85FB1DE1DD3A00E4F89E /* CourseDetailViewController.m in Sources */,
				6373A3251DE1C3D60018A049 /* AppDelegate.m in Sources */,
				6373A3221DE1C3D60018A049 /* main.m in Sources */,
				6373A3401DE1CD4F0018A049 /* Utilities.m in Sources */,
			);
			runOnlyForDeploymentPostprocessing = 0;
		};
/* End PBXSourcesBuildPhase section */

/* Begin PBXVariantGroup section */
		6373A3291DE1C3D60018A049 /* Main.storyboard */ = {
			isa = PBXVariantGroup;
			children = (
				6373A32A1DE1C3D60018A049 /* Base */,
			);
			name = Main.storyboard;
			sourceTree = "<group>";
		};
		6373A3311DE1C3D60018A049 /* LaunchScreen.storyboard */ = {
			isa = PBXVariantGroup;
			children = (
				6373A3321DE1C3D60018A049 /* Base */,
			);
			name = LaunchScreen.storyboard;
			sourceTree = "<group>";
		};
/* End PBXVariantGroup section */

/* Begin XCBuildConfiguration section */
		6373A3351DE1C3D60018A049 /* Debug */ = {
			isa = XCBuildConfiguration;
			buildSettings = {
				ALWAYS_SEARCH_USER_PATHS = NO;
				CLANG_ANALYZER_NONNULL = YES;
				CLANG_CXX_LANGUAGE_STANDARD = "gnu++0x";
				CLANG_CXX_LIBRARY = "libc++";
				CLANG_ENABLE_MODULES = YES;
				CLANG_ENABLE_OBJC_ARC = YES;
				CLANG_WARN_BOOL_CONVERSION = YES;
				CLANG_WARN_CONSTANT_CONVERSION = YES;
				CLANG_WARN_DIRECT_OBJC_ISA_USAGE = YES_ERROR;
				CLANG_WARN_EMPTY_BODY = YES;
				CLANG_WARN_ENUM_CONVERSION = YES;
				CLANG_WARN_INT_CONVERSION = YES;
				CLANG_WARN_OBJC_ROOT_CLASS = YES_ERROR;
				CLANG_WARN_UNREACHABLE_CODE = YES;
				CLANG_WARN__DUPLICATE_METHOD_MATCH = YES;
				"CODE_SIGN_IDENTITY[sdk=iphoneos*]" = "iPhone Developer";
				COPY_PHASE_STRIP = NO;
				DEBUG_INFORMATION_FORMAT = dwarf;
				ENABLE_STRICT_OBJC_MSGSEND = YES;
				ENABLE_TESTABILITY = YES;
				GCC_C_LANGUAGE_STANDARD = gnu99;
				GCC_DYNAMIC_NO_PIC = NO;
				GCC_NO_COMMON_BLOCKS = YES;
				GCC_OPTIMIZATION_LEVEL = 0;
				GCC_PREPROCESSOR_DEFINITIONS = (
					"DEBUG=1",
					"$(inherited)",
				);
				GCC_WARN_64_TO_32_BIT_CONVERSION = YES;
				GCC_WARN_ABOUT_RETURN_TYPE = YES_ERROR;
				GCC_WARN_UNDECLARED_SELECTOR = YES;
				GCC_WARN_UNINITIALIZED_AUTOS = YES_AGGRESSIVE;
				GCC_WARN_UNUSED_FUNCTION = YES;
				GCC_WARN_UNUSED_VARIABLE = YES;
				IPHONEOS_DEPLOYMENT_TARGET = 9.3;
				MTL_ENABLE_DEBUG_INFO = YES;
				ONLY_ACTIVE_ARCH = YES;
				SDKROOT = iphoneos;
			};
			name = Debug;
		};
		6373A3361DE1C3D60018A049 /* Release */ = {
			isa = XCBuildConfiguration;
			buildSettings = {
				ALWAYS_SEARCH_USER_PATHS = NO;
				CLANG_ANALYZER_NONNULL = YES;
				CLANG_CXX_LANGUAGE_STANDARD = "gnu++0x";
				CLANG_CXX_LIBRARY = "libc++";
				CLANG_ENABLE_MODULES = YES;
				CLANG_ENABLE_OBJC_ARC = YES;
				CLANG_WARN_BOOL_CONVERSION = YES;
				CLANG_WARN_CONSTANT_CONVERSION = YES;
				CLANG_WARN_DIRECT_OBJC_ISA_USAGE = YES_ERROR;
				CLANG_WARN_EMPTY_BODY = YES;
				CLANG_WARN_ENUM_CONVERSION = YES;
				CLANG_WARN_INT_CONVERSION = YES;
				CLANG_WARN_OBJC_ROOT_CLASS = YES_ERROR;
				CLANG_WARN_UNREACHABLE_CODE = YES;
				CLANG_WARN__DUPLICATE_METHOD_MATCH = YES;
				"CODE_SIGN_IDENTITY[sdk=iphoneos*]" = "iPhone Developer";
				COPY_PHASE_STRIP = NO;
				DEBUG_INFORMATION_FORMAT = "dwarf-with-dsym";
				ENABLE_NS_ASSERTIONS = NO;
				ENABLE_STRICT_OBJC_MSGSEND = YES;
				GCC_C_LANGUAGE_STANDARD = gnu99;
				GCC_NO_COMMON_BLOCKS = YES;
				GCC_WARN_64_TO_32_BIT_CONVERSION = YES;
				GCC_WARN_ABOUT_RETURN_TYPE = YES_ERROR;
				GCC_WARN_UNDECLARED_SELECTOR = YES;
				GCC_WARN_UNINITIALIZED_AUTOS = YES_AGGRESSIVE;
				GCC_WARN_UNUSED_FUNCTION = YES;
				GCC_WARN_UNUSED_VARIABLE = YES;
				IPHONEOS_DEPLOYMENT_TARGET = 9.3;
				MTL_ENABLE_DEBUG_INFO = NO;
				SDKROOT = iphoneos;
				VALIDATE_PRODUCT = YES;
			};
			name = Release;
		};
		6373A3381DE1C3D60018A049 /* Debug */ = {
			isa = XCBuildConfiguration;
			buildSettings = {
				ASSETCATALOG_COMPILER_APPICON_NAME = AppIcon;
				INFOPLIST_FILE = Assignment3/Info.plist;
				IPHONEOS_DEPLOYMENT_TARGET = 9.3;
				LD_RUNPATH_SEARCH_PATHS = "$(inherited) @executable_path/Frameworks";
				PRODUCT_BUNDLE_IDENTIFIER = David.Dang.Assignment3;
				PRODUCT_NAME = "$(TARGET_NAME)";
				TARGETED_DEVICE_FAMILY = 1;
			};
			name = Debug;
		};
		6373A3391DE1C3D60018A049 /* Release */ = {
			isa = XCBuildConfiguration;
			buildSettings = {
				ASSETCATALOG_COMPILER_APPICON_NAME = AppIcon;
				INFOPLIST_FILE = Assignment3/Info.plist;
				IPHONEOS_DEPLOYMENT_TARGET = 9.3;
				LD_RUNPATH_SEARCH_PATHS = "$(inherited) @executable_path/Frameworks";
				PRODUCT_BUNDLE_IDENTIFIER = David.Dang.Assignment3;
				PRODUCT_NAME = "$(TARGET_NAME)";
				TARGETED_DEVICE_FAMILY = 1;
			};
			name = Release;
		};
/* End XCBuildConfiguration section */

/* Begin XCConfigurationList section */
		6373A3181DE1C3D50018A049 /* Build configuration list for PBXProject "Assignment3" */ = {
			isa = XCConfigurationList;
			buildConfigurations = (
				6373A3351DE1C3D60018A049 /* Debug */,
				6373A3361DE1C3D60018A049 /* Release */,
			);
			defaultConfigurationIsVisible = 0;
			defaultConfigurationName = Release;
		};
		6373A3371DE1C3D60018A049 /* Build configuration list for PBXNativeTarget "Assignment3" */ = {
			isa = XCConfigurationList;
			buildConfigurations = (
				6373A3381DE1C3D60018A049 /* Debug */,
				6373A3391DE1C3D60018A049 /* Release */,
			);
			defaultConfigurationIsVisible = 0;
			defaultConfigurationName = Release;
		};
/* End XCConfigurationList section */

/* Begin XCVersionGroup section */
		6373A32C1DE1C3D60018A049 /* Assignment3.xcdatamodeld */ = {
			isa = XCVersionGroup;
			children = (
				6373A32D1DE1C3D60018A049 /* Assignment3.xcdatamodel */,
			);
			currentVersion = 6373A32D1DE1C3D60018A049 /* Assignment3.xcdatamodel */;
			path = Assignment3.xcdatamodeld;
			sourceTree = "<group>";
			versionGroupType = wrapper.xcdatamodel;
		};
/* End XCVersionGroup section */
	};
	rootObject = 6373A3151DE1C3D50018A049 /* Project object */;
}
